// !$*UTF8*$!
{
	archiveVersion = 1;
	classes = {
	};
	objectVersion = 55;
	objects = {

/* Begin PBXBuildFile section */
		BB4F0C8B28916DDC00503BA1 /* App_Privacy_Report.ndjson in Resources */ = {isa = PBXBuildFile; fileRef = BB4F0C8A28916DDC00503BA1 /* App_Privacy_Report.ndjson */; };
		BB4F0C94289171D900503BA1 /* ShareViewController.swift in Sources */ = {isa = PBXBuildFile; fileRef = BB4F0C93289171D900503BA1 /* ShareViewController.swift */; };
		BB4F0C9B289171D900503BA1 /* ShareExtension.appex in Embed App Extensions */ = {isa = PBXBuildFile; fileRef = BB4F0C91289171D900503BA1 /* ShareExtension.appex */; settings = {ATTRIBUTES = (RemoveHeadersOnCopy, ); }; };
		BBADBBCC28916D590099F24E /* PrivacyAnalyticsAppApp.swift in Sources */ = {isa = PBXBuildFile; fileRef = BBADBBCB28916D590099F24E /* PrivacyAnalyticsAppApp.swift */; };
		BBADBBCE28916D590099F24E /* ContentView.swift in Sources */ = {isa = PBXBuildFile; fileRef = BBADBBCD28916D590099F24E /* ContentView.swift */; };
		BBADBBD028916D5B0099F24E /* Assets.xcassets in Resources */ = {isa = PBXBuildFile; fileRef = BBADBBCF28916D5B0099F24E /* Assets.xcassets */; };
		BBADBBD328916D5B0099F24E /* Preview Assets.xcassets in Resources */ = {isa = PBXBuildFile; fileRef = BBADBBD228916D5B0099F24E /* Preview Assets.xcassets */; };
		BBE4AA32289DC6EB00A22B0C /* SaveLoadLocalData.swift in Sources */ = {isa = PBXBuildFile; fileRef = BBE4AA31289DC6EB00A22B0C /* SaveLoadLocalData.swift */; };
/* End PBXBuildFile section */

/* Begin PBXContainerItemProxy section */
		BB4F0C99289171D900503BA1 /* PBXContainerItemProxy */ = {
			isa = PBXContainerItemProxy;
			containerPortal = BBADBBC028916D590099F24E /* Project object */;
			proxyType = 1;
			remoteGlobalIDString = BB4F0C90289171D900503BA1;
			remoteInfo = ShareExtension;
		};
/* End PBXContainerItemProxy section */

/* Begin PBXCopyFilesBuildPhase section */
		BB4F0C9F289171D900503BA1 /* Embed App Extensions */ = {
			isa = PBXCopyFilesBuildPhase;
			buildActionMask = 2147483647;
			dstPath = "";
			dstSubfolderSpec = 13;
			files = (
				BB4F0C9B289171D900503BA1 /* ShareExtension.appex in Embed App Extensions */,
			);
			name = "Embed App Extensions";
			runOnlyForDeploymentPostprocessing = 0;
		};
/* End PBXCopyFilesBuildPhase section */

/* Begin PBXFileReference section */
		BB4F0C8A28916DDC00503BA1 /* App_Privacy_Report.ndjson */ = {isa = PBXFileReference; fileEncoding = 4; lastKnownFileType = text; path = App_Privacy_Report.ndjson; sourceTree = "<group>"; };
		BB4F0C8C28916F4000503BA1 /* PrivacyAnalyticsApp.entitlements */ = {isa = PBXFileReference; lastKnownFileType = text.plist.entitlements; path = PrivacyAnalyticsApp.entitlements; sourceTree = "<group>"; };
		BB4F0C91289171D900503BA1 /* ShareExtension.appex */ = {isa = PBXFileReference; explicitFileType = "wrapper.app-extension"; includeInIndex = 0; path = ShareExtension.appex; sourceTree = BUILT_PRODUCTS_DIR; };
		BB4F0C93289171D900503BA1 /* ShareViewController.swift */ = {isa = PBXFileReference; lastKnownFileType = sourcecode.swift; path = ShareViewController.swift; sourceTree = "<group>"; };
		BB4F0C98289171D900503BA1 /* Info.plist */ = {isa = PBXFileReference; lastKnownFileType = text.plist.xml; path = Info.plist; sourceTree = "<group>"; };
		BB4F0CA0289177D900503BA1 /* ShareExtension.entitlements */ = {isa = PBXFileReference; lastKnownFileType = text.plist.entitlements; path = ShareExtension.entitlements; sourceTree = "<group>"; };
		BBADBBC828916D590099F24E /* Privacy Analytics.app */ = {isa = PBXFileReference; explicitFileType = wrapper.application; includeInIndex = 0; path = "Privacy Analytics.app"; sourceTree = BUILT_PRODUCTS_DIR; };
		BBADBBCB28916D590099F24E /* PrivacyAnalyticsAppApp.swift */ = {isa = PBXFileReference; lastKnownFileType = sourcecode.swift; path = PrivacyAnalyticsAppApp.swift; sourceTree = "<group>"; };
		BBADBBCD28916D590099F24E /* ContentView.swift */ = {isa = PBXFileReference; lastKnownFileType = sourcecode.swift; path = ContentView.swift; sourceTree = "<group>"; };
		BBADBBCF28916D5B0099F24E /* Assets.xcassets */ = {isa = PBXFileReference; lastKnownFileType = folder.assetcatalog; path = Assets.xcassets; sourceTree = "<group>"; };
		BBADBBD228916D5B0099F24E /* Preview Assets.xcassets */ = {isa = PBXFileReference; lastKnownFileType = folder.assetcatalog; path = "Preview Assets.xcassets"; sourceTree = "<group>"; };
		BBE4AA31289DC6EB00A22B0C /* SaveLoadLocalData.swift */ = {isa = PBXFileReference; lastKnownFileType = sourcecode.swift; path = SaveLoadLocalData.swift; sourceTree = "<group>"; };
/* End PBXFileReference section */

/* Begin PBXFrameworksBuildPhase section */
		BB4F0C8E289171D900503BA1 /* Frameworks */ = {
			isa = PBXFrameworksBuildPhase;
			buildActionMask = 2147483647;
			files = (
			);
			runOnlyForDeploymentPostprocessing = 0;
		};
		BBADBBC528916D590099F24E /* Frameworks */ = {
			isa = PBXFrameworksBuildPhase;
			buildActionMask = 2147483647;
			files = (
			);
			runOnlyForDeploymentPostprocessing = 0;
		};
/* End PBXFrameworksBuildPhase section */

/* Begin PBXGroup section */
		BB4F0C92289171D900503BA1 /* ShareExtension */ = {
			isa = PBXGroup;
			children = (
				BB4F0CA0289177D900503BA1 /* ShareExtension.entitlements */,
				BB4F0C93289171D900503BA1 /* ShareViewController.swift */,
				BB4F0C98289171D900503BA1 /* Info.plist */,
			);
			path = ShareExtension;
			sourceTree = "<group>";
		};
		BBADBBBF28916D590099F24E = {
			isa = PBXGroup;
			children = (
				BBADBBCA28916D590099F24E /* PrivacyAnalyticsApp */,
				BB4F0C92289171D900503BA1 /* ShareExtension */,
				BBADBBC928916D590099F24E /* Products */,
			);
			sourceTree = "<group>";
		};
		BBADBBC928916D590099F24E /* Products */ = {
			isa = PBXGroup;
			children = (
				BBADBBC828916D590099F24E /* Privacy Analytics.app */,
				BB4F0C91289171D900503BA1 /* ShareExtension.appex */,
			);
			name = Products;
			sourceTree = "<group>";
		};
		BBADBBCA28916D590099F24E /* PrivacyAnalyticsApp */ = {
			isa = PBXGroup;
			children = (
				BB4F0C8C28916F4000503BA1 /* PrivacyAnalyticsApp.entitlements */,
				BB4F0C8A28916DDC00503BA1 /* App_Privacy_Report.ndjson */,
				BBADBBCB28916D590099F24E /* PrivacyAnalyticsAppApp.swift */,
				BBADBBCD28916D590099F24E /* ContentView.swift */,
				BBE4AA31289DC6EB00A22B0C /* SaveLoadLocalData.swift */,
				BBADBBCF28916D5B0099F24E /* Assets.xcassets */,
				BBADBBD128916D5B0099F24E /* Preview Content */,
			);
			path = PrivacyAnalyticsApp;
			sourceTree = "<group>";
		};
		BBADBBD128916D5B0099F24E /* Preview Content */ = {
			isa = PBXGroup;
			children = (
				BBADBBD228916D5B0099F24E /* Preview Assets.xcassets */,
			);
			path = "Preview Content";
			sourceTree = "<group>";
		};
/* End PBXGroup section */

/* Begin PBXNativeTarget section */
		BB4F0C90289171D900503BA1 /* ShareExtension */ = {
			isa = PBXNativeTarget;
			buildConfigurationList = BB4F0C9C289171D900503BA1 /* Build configuration list for PBXNativeTarget "ShareExtension" */;
			buildPhases = (
				BB4F0C8D289171D900503BA1 /* Sources */,
				BB4F0C8E289171D900503BA1 /* Frameworks */,
				BB4F0C8F289171D900503BA1 /* Resources */,
			);
			buildRules = (
			);
			dependencies = (
			);
			name = ShareExtension;
			productName = ShareExtension;
			productReference = BB4F0C91289171D900503BA1 /* ShareExtension.appex */;
			productType = "com.apple.product-type.app-extension";
		};
		BBADBBC728916D590099F24E /* PrivacyAnalyticsApp */ = {
			isa = PBXNativeTarget;
			buildConfigurationList = BBADBBD628916D5B0099F24E /* Build configuration list for PBXNativeTarget "PrivacyAnalyticsApp" */;
			buildPhases = (
				BBADBBC428916D590099F24E /* Sources */,
				BBADBBC528916D590099F24E /* Frameworks */,
				BBADBBC628916D590099F24E /* Resources */,
				BB4F0C9F289171D900503BA1 /* Embed App Extensions */,
			);
			buildRules = (
			);
			dependencies = (
				BB4F0C9A289171D900503BA1 /* PBXTargetDependency */,
			);
			name = PrivacyAnalyticsApp;
			productName = PrivacyAnalyticsApp;
			productReference = BBADBBC828916D590099F24E /* Privacy Analytics.app */;
			productType = "com.apple.product-type.application";
		};
/* End PBXNativeTarget section */

/* Begin PBXProject section */
		BBADBBC028916D590099F24E /* Project object */ = {
			isa = PBXProject;
			attributes = {
				BuildIndependentTargetsInParallel = 1;
				LastSwiftUpdateCheck = 1340;
				LastUpgradeCheck = 1340;
				TargetAttributes = {
					BB4F0C90289171D900503BA1 = {
						CreatedOnToolsVersion = 13.4.1;
					};
					BBADBBC728916D590099F24E = {
						CreatedOnToolsVersion = 13.4.1;
					};
				};
			};
			buildConfigurationList = BBADBBC328916D590099F24E /* Build configuration list for PBXProject "PrivacyAnalyticsApp" */;
			compatibilityVersion = "Xcode 13.0";
			developmentRegion = en;
			hasScannedForEncodings = 0;
			knownRegions = (
				en,
				Base,
			);
			mainGroup = BBADBBBF28916D590099F24E;
			productRefGroup = BBADBBC928916D590099F24E /* Products */;
			projectDirPath = "";
			projectRoot = "";
			targets = (
				BBADBBC728916D590099F24E /* PrivacyAnalyticsApp */,
				BB4F0C90289171D900503BA1 /* ShareExtension */,
			);
		};
/* End PBXProject section */

/* Begin PBXResourcesBuildPhase section */
		BB4F0C8F289171D900503BA1 /* Resources */ = {
			isa = PBXResourcesBuildPhase;
			buildActionMask = 2147483647;
			files = (
			);
			runOnlyForDeploymentPostprocessing = 0;
		};
		BBADBBC628916D590099F24E /* Resources */ = {
			isa = PBXResourcesBuildPhase;
			buildActionMask = 2147483647;
			files = (
				BBADBBD328916D5B0099F24E /* Preview Assets.xcassets in Resources */,
				BB4F0C8B28916DDC00503BA1 /* App_Privacy_Report.ndjson in Resources */,
				BBADBBD028916D5B0099F24E /* Assets.xcassets in Resources */,
			);
			runOnlyForDeploymentPostprocessing = 0;
		};
/* End PBXResourcesBuildPhase section */

/* Begin PBXSourcesBuildPhase section */
		BB4F0C8D289171D900503BA1 /* Sources */ = {
			isa = PBXSourcesBuildPhase;
			buildActionMask = 2147483647;
			files = (
				BB4F0C94289171D900503BA1 /* ShareViewController.swift in Sources */,
			);
			runOnlyForDeploymentPostprocessing = 0;
		};
		BBADBBC428916D590099F24E /* Sources */ = {
			isa = PBXSourcesBuildPhase;
			buildActionMask = 2147483647;
			files = (
				BBE4AA32289DC6EB00A22B0C /* SaveLoadLocalData.swift in Sources */,
				BBADBBCE28916D590099F24E /* ContentView.swift in Sources */,
				BBADBBCC28916D590099F24E /* PrivacyAnalyticsAppApp.swift in Sources */,
			);
			runOnlyForDeploymentPostprocessing = 0;
		};
/* End PBXSourcesBuildPhase section */

/* Begin PBXTargetDependency section */
		BB4F0C9A289171D900503BA1 /* PBXTargetDependency */ = {
			isa = PBXTargetDependency;
			target = BB4F0C90289171D900503BA1 /* ShareExtension */;
			targetProxy = BB4F0C99289171D900503BA1 /* PBXContainerItemProxy */;
		};
/* End PBXTargetDependency section */

/* Begin XCBuildConfiguration section */
		BB4F0C9D289171D900503BA1 /* Debug */ = {
			isa = XCBuildConfiguration;
			buildSettings = {
				CODE_SIGN_ENTITLEMENTS = ShareExtension/ShareExtension.entitlements;
				CODE_SIGN_STYLE = Automatic;
				CURRENT_PROJECT_VERSION = 1;
				DEVELOPMENT_TEAM = 8V3J763Y9A;
				GENERATE_INFOPLIST_FILE = YES;
				INFOPLIST_FILE = ShareExtension/Info.plist;
				INFOPLIST_KEY_CFBundleDisplayName = ShareExtension;
				INFOPLIST_KEY_NSHumanReadableCopyright = "";
				IPHONEOS_DEPLOYMENT_TARGET = 15.0;
				LD_RUNPATH_SEARCH_PATHS = (
					"$(inherited)",
					"@executable_path/Frameworks",
					"@executable_path/../../Frameworks",
				);
				MARKETING_VERSION = 1.0;
				PRODUCT_BUNDLE_IDENTIFIER = de.henribredt.PrivacyAnalyticsApp.ShareExtension;
				PRODUCT_NAME = "$(TARGET_NAME)";
				SKIP_INSTALL = YES;
				SWIFT_EMIT_LOC_STRINGS = YES;
				SWIFT_VERSION = 5.0;
				TARGETED_DEVICE_FAMILY = 1;
			};
			name = Debug;
		};
		BB4F0C9E289171D900503BA1 /* Release */ = {
			isa = XCBuildConfiguration;
			buildSettings = {
				CODE_SIGN_ENTITLEMENTS = ShareExtension/ShareExtension.entitlements;
				CODE_SIGN_STYLE = Automatic;
				CURRENT_PROJECT_VERSION = 1;
				DEVELOPMENT_TEAM = 8V3J763Y9A;
				GENERATE_INFOPLIST_FILE = YES;
				INFOPLIST_FILE = ShareExtension/Info.plist;
				INFOPLIST_KEY_CFBundleDisplayName = ShareExtension;
				INFOPLIST_KEY_NSHumanReadableCopyright = "";
				IPHONEOS_DEPLOYMENT_TARGET = 15.0;
				LD_RUNPATH_SEARCH_PATHS = (
					"$(inherited)",
					"@executable_path/Frameworks",
					"@executable_path/../../Frameworks",
				);
				MARKETING_VERSION = 1.0;
				PRODUCT_BUNDLE_IDENTIFIER = de.henribredt.PrivacyAnalyticsApp.ShareExtension;
				PRODUCT_NAME = "$(TARGET_NAME)";
				SKIP_INSTALL = YES;
				SWIFT_EMIT_LOC_STRINGS = YES;
				SWIFT_VERSION = 5.0;
				TARGETED_DEVICE_FAMILY = 1;
			};
			name = Release;
		};
		BBADBBD428916D5B0099F24E /* Debug */ = {
			isa = XCBuildConfiguration;
			buildSettings = {
				ALWAYS_SEARCH_USER_PATHS = NO;
				CLANG_ANALYZER_NONNULL = YES;
				CLANG_ANALYZER_NUMBER_OBJECT_CONVERSION = YES_AGGRESSIVE;
				CLANG_CXX_LANGUAGE_STANDARD = "gnu++17";
				CLANG_ENABLE_MODULES = YES;
				CLANG_ENABLE_OBJC_ARC = YES;
				CLANG_ENABLE_OBJC_WEAK = YES;
				CLANG_WARN_BLOCK_CAPTURE_AUTORELEASING = YES;
				CLANG_WARN_BOOL_CONVERSION = YES;
				CLANG_WARN_COMMA = YES;
				CLANG_WARN_CONSTANT_CONVERSION = YES;
				CLANG_WARN_DEPRECATED_OBJC_IMPLEMENTATIONS = YES;
				CLANG_WARN_DIRECT_OBJC_ISA_USAGE = YES_ERROR;
				CLANG_WARN_DOCUMENTATION_COMMENTS = YES;
				CLANG_WARN_EMPTY_BODY = YES;
				CLANG_WARN_ENUM_CONVERSION = YES;
				CLANG_WARN_INFINITE_RECURSION = YES;
				CLANG_WARN_INT_CONVERSION = YES;
				CLANG_WARN_NON_LITERAL_NULL_CONVERSION = YES;
				CLANG_WARN_OBJC_IMPLICIT_RETAIN_SELF = YES;
				CLANG_WARN_OBJC_LITERAL_CONVERSION = YES;
				CLANG_WARN_OBJC_ROOT_CLASS = YES_ERROR;
				CLANG_WARN_QUOTED_INCLUDE_IN_FRAMEWORK_HEADER = YES;
				CLANG_WARN_RANGE_LOOP_ANALYSIS = YES;
				CLANG_WARN_STRICT_PROTOTYPES = YES;
				CLANG_WARN_SUSPICIOUS_MOVE = YES;
				CLANG_WARN_UNGUARDED_AVAILABILITY = YES_AGGRESSIVE;
				CLANG_WARN_UNREACHABLE_CODE = YES;
				CLANG_WARN__DUPLICATE_METHOD_MATCH = YES;
				COPY_PHASE_STRIP = NO;
				DEBUG_INFORMATION_FORMAT = dwarf;
				ENABLE_STRICT_OBJC_MSGSEND = YES;
				ENABLE_TESTABILITY = YES;
				GCC_C_LANGUAGE_STANDARD = gnu11;
				GCC_DYNAMIC_NO_PIC = NO;
				GCC_NO_COMMON_BLOCKS = YES;
				GCC_OPTIMIZATION_LEVEL = 0;
				GCC_PREPROCESSOR_DEFINITIONS = (
					"DEBUG=1",
					"$(inherited)",
				);
				GCC_WARN_64_TO_32_BIT_CONVERSION = YES;
				GCC_WARN_ABOUT_RETURN_TYPE = YES_ERROR;
				GCC_WARN_UNDECLARED_SELECTOR = YES;
				GCC_WARN_UNINITIALIZED_AUTOS = YES_AGGRESSIVE;
				GCC_WARN_UNUSED_FUNCTION = YES;
				GCC_WARN_UNUSED_VARIABLE = YES;
				IPHONEOS_DEPLOYMENT_TARGET = 15.0;
				MTL_ENABLE_DEBUG_INFO = INCLUDE_SOURCE;
				MTL_FAST_MATH = YES;
				ONLY_ACTIVE_ARCH = YES;
				SDKROOT = iphoneos;
				SWIFT_ACTIVE_COMPILATION_CONDITIONS = DEBUG;
				SWIFT_OPTIMIZATION_LEVEL = "-Onone";
			};
			name = Debug;
		};
		BBADBBD528916D5B0099F24E /* Release */ = {
			isa = XCBuildConfiguration;
			buildSettings = {
				ALWAYS_SEARCH_USER_PATHS = NO;
				CLANG_ANALYZER_NONNULL = YES;
				CLANG_ANALYZER_NUMBER_OBJECT_CONVERSION = YES_AGGRESSIVE;
				CLANG_CXX_LANGUAGE_STANDARD = "gnu++17";
				CLANG_ENABLE_MODULES = YES;
				CLANG_ENABLE_OBJC_ARC = YES;
				CLANG_ENABLE_OBJC_WEAK = YES;
				CLANG_WARN_BLOCK_CAPTURE_AUTORELEASING = YES;
				CLANG_WARN_BOOL_CONVERSION = YES;
				CLANG_WARN_COMMA = YES;
				CLANG_WARN_CONSTANT_CONVERSION = YES;
				CLANG_WARN_DEPRECATED_OBJC_IMPLEMENTATIONS = YES;
				CLANG_WARN_DIRECT_OBJC_ISA_USAGE = YES_ERROR;
				CLANG_WARN_DOCUMENTATION_COMMENTS = YES;
				CLANG_WARN_EMPTY_BODY = YES;
				CLANG_WARN_ENUM_CONVERSION = YES;
				CLANG_WARN_INFINITE_RECURSION = YES;
				CLANG_WARN_INT_CONVERSION = YES;
				CLANG_WARN_NON_LITERAL_NULL_CONVERSION = YES;
				CLANG_WARN_OBJC_IMPLICIT_RETAIN_SELF = YES;
				CLANG_WARN_OBJC_LITERAL_CONVERSION = YES;
				CLANG_WARN_OBJC_ROOT_CLASS = YES_ERROR;
				CLANG_WARN_QUOTED_INCLUDE_IN_FRAMEWORK_HEADER = YES;
				CLANG_WARN_RANGE_LOOP_ANALYSIS = YES;
				CLANG_WARN_STRICT_PROTOTYPES = YES;
				CLANG_WARN_SUSPICIOUS_MOVE = YES;
				CLANG_WARN_UNGUARDED_AVAILABILITY = YES_AGGRESSIVE;
				CLANG_WARN_UNREACHABLE_CODE = YES;
				CLANG_WARN__DUPLICATE_METHOD_MATCH = YES;
				COPY_PHASE_STRIP = NO;
				DEBUG_INFORMATION_FORMAT = "dwarf-with-dsym";
				ENABLE_NS_ASSERTIONS = NO;
				ENABLE_STRICT_OBJC_MSGSEND = YES;
				GCC_C_LANGUAGE_STANDARD = gnu11;
				GCC_NO_COMMON_BLOCKS = YES;
				GCC_WARN_64_TO_32_BIT_CONVERSION = YES;
				GCC_WARN_ABOUT_RETURN_TYPE = YES_ERROR;
				GCC_WARN_UNDECLARED_SELECTOR = YES;
				GCC_WARN_UNINITIALIZED_AUTOS = YES_AGGRESSIVE;
				GCC_WARN_UNUSED_FUNCTION = YES;
				GCC_WARN_UNUSED_VARIABLE = YES;
				IPHONEOS_DEPLOYMENT_TARGET = 15.0;
				MTL_ENABLE_DEBUG_INFO = NO;
				MTL_FAST_MATH = YES;
				SDKROOT = iphoneos;
				SWIFT_COMPILATION_MODE = wholemodule;
				SWIFT_OPTIMIZATION_LEVEL = "-O";
				VALIDATE_PRODUCT = YES;
			};
			name = Release;
		};
		BBADBBD728916D5B0099F24E /* Debug */ = {
			isa = XCBuildConfiguration;
			buildSettings = {
				ALWAYS_EMBED_SWIFT_STANDARD_LIBRARIES = YES;
				ASSETCATALOG_COMPILER_APPICON_NAME = AppIcon;
				ASSETCATALOG_COMPILER_GLOBAL_ACCENT_COLOR_NAME = AccentColor;
				CODE_SIGN_ENTITLEMENTS = PrivacyAnalyticsApp/PrivacyAnalyticsApp.entitlements;
				CODE_SIGN_STYLE = Automatic;
				CURRENT_PROJECT_VERSION = 1;
				DEVELOPMENT_ASSET_PATHS = "\"PrivacyAnalyticsApp/Preview Content\"";
				DEVELOPMENT_TEAM = 8V3J763Y9A;
				ENABLE_PREVIEWS = YES;
				GENERATE_INFOPLIST_FILE = YES;
				INFOPLIST_KEY_UIApplicationSceneManifest_Generation = YES;
				INFOPLIST_KEY_UIApplicationSupportsIndirectInputEvents = YES;
				INFOPLIST_KEY_UILaunchScreen_Generation = YES;
				INFOPLIST_KEY_UISupportedInterfaceOrientations = "UIInterfaceOrientationPortrait UIInterfaceOrientationPortraitUpsideDown";
				INFOPLIST_KEY_UISupportedInterfaceOrientations_iPad = "UIInterfaceOrientationPortrait UIInterfaceOrientationPortraitUpsideDown UIInterfaceOrientationLandscapeLeft UIInterfaceOrientationLandscapeRight";
				INFOPLIST_KEY_UISupportedInterfaceOrientations_iPhone = "UIInterfaceOrientationPortrait UIInterfaceOrientationLandscapeLeft UIInterfaceOrientationLandscapeRight";
				IPHONEOS_DEPLOYMENT_TARGET = 15.0;
				LD_RUNPATH_SEARCH_PATHS = (
					"$(inherited)",
					"@executable_path/Frameworks",
				);
				MARKETING_VERSION = 1.0;
				PRODUCT_BUNDLE_IDENTIFIER = de.henribredt.PrivacyAnalyticsApp;
				PRODUCT_NAME = "Privacy Analytics";
				SWIFT_EMIT_LOC_STRINGS = YES;
				SWIFT_VERSION = 5.0;
				TARGETED_DEVICE_FAMILY = 1;
			};
			name = Debug;
		};
		BBADBBD828916D5B0099F24E /* Release */ = {
			isa = XCBuildConfiguration;
			buildSettings = {
				ALWAYS_EMBED_SWIFT_STANDARD_LIBRARIES = YES;
				ASSETCATALOG_COMPILER_APPICON_NAME = AppIcon;
				ASSETCATALOG_COMPILER_GLOBAL_ACCENT_COLOR_NAME = AccentColor;
				CODE_SIGN_ENTITLEMENTS = PrivacyAnalyticsApp/PrivacyAnalyticsApp.entitlements;
				CODE_SIGN_STYLE = Automatic;
				CURRENT_PROJECT_VERSION = 1;
				DEVELOPMENT_ASSET_PATHS = "\"PrivacyAnalyticsApp/Preview Content\"";
				DEVELOPMENT_TEAM = 8V3J763Y9A;
				ENABLE_PREVIEWS = YES;
				GENERATE_INFOPLIST_FILE = YES;
				INFOPLIST_KEY_UIApplicationSceneManifest_Generation = YES;
				INFOPLIST_KEY_UIApplicationSupportsIndirectInputEvents = YES;
				INFOPLIST_KEY_UILaunchScreen_Generation = YES;
				INFOPLIST_KEY_UISupportedInterfaceOrientations = "UIInterfaceOrientationPortrait UIInterfaceOrientationPortraitUpsideDown";
				INFOPLIST_KEY_UISupportedInterfaceOrientations_iPad = "UIInterfaceOrientationPortrait UIInterfaceOrientationPortraitUpsideDown UIInterfaceOrientationLandscapeLeft UIInterfaceOrientationLandscapeRight";
				INFOPLIST_KEY_UISupportedInterfaceOrientations_iPhone = "UIInterfaceOrientationPortrait UIInterfaceOrientationLandscapeLeft UIInterfaceOrientationLandscapeRight";
				IPHONEOS_DEPLOYMENT_TARGET = 15.0;
				LD_RUNPATH_SEARCH_PATHS = (
					"$(inherited)",
					"@executable_path/Frameworks",
				);
				MARKETING_VERSION = 1.0;
				PRODUCT_BUNDLE_IDENTIFIER = de.henribredt.PrivacyAnalyticsApp;
				PRODUCT_NAME = "Privacy Analytics";
				SWIFT_EMIT_LOC_STRINGS = YES;
				SWIFT_VERSION = 5.0;
				TARGETED_DEVICE_FAMILY = 1;
			};
			name = Release;
		};
/* End XCBuildConfiguration section */

/* Begin XCConfigurationList section */
		BB4F0C9C289171D900503BA1 /* Build configuration list for PBXNativeTarget "ShareExtension" */ = {
			isa = XCConfigurationList;
			buildConfigurations = (
				BB4F0C9D289171D900503BA1 /* Debug */,
				BB4F0C9E289171D900503BA1 /* Release */,
			);
			defaultConfigurationIsVisible = 0;
			defaultConfigurationName = Release;
		};
		BBADBBC328916D590099F24E /* Build configuration list for PBXProject "PrivacyAnalyticsApp" */ = {
			isa = XCConfigurationList;
			buildConfigurations = (
				BBADBBD428916D5B0099F24E /* Debug */,
				BBADBBD528916D5B0099F24E /* Release */,
			);
			defaultConfigurationIsVisible = 0;
			defaultConfigurationName = Release;
		};
		BBADBBD628916D5B0099F24E /* Build configuration list for PBXNativeTarget "PrivacyAnalyticsApp" */ = {
			isa = XCConfigurationList;
			buildConfigurations = (
				BBADBBD728916D5B0099F24E /* Debug */,
				BBADBBD828916D5B0099F24E /* Release */,
			);
			defaultConfigurationIsVisible = 0;
			defaultConfigurationName = Release;
		};
/* End XCConfigurationList section */
	};
	rootObject = BBADBBC028916D590099F24E /* Project object */;
}
