// !$*UTF8*$!
{
	archiveVersion = 1;
	classes = {
	};
	objectVersion = 55;
	objects = {

/* Begin PBXBuildFile section */
		BBADBB7C288FD1370099F24E /* PrivacyToolApp.swift in Sources */ = {isa = PBXBuildFile; fileRef = BBADBB6C288FD1360099F24E /* PrivacyToolApp.swift */; };
		BBADBB7D288FD1370099F24E /* PrivacyToolApp.swift in Sources */ = {isa = PBXBuildFile; fileRef = BBADBB6C288FD1360099F24E /* PrivacyToolApp.swift */; };
		BBADBB7E288FD1370099F24E /* ContentView.swift in Sources */ = {isa = PBXBuildFile; fileRef = BBADBB6D288FD1360099F24E /* ContentView.swift */; };
		BBADBB7F288FD1370099F24E /* ContentView.swift in Sources */ = {isa = PBXBuildFile; fileRef = BBADBB6D288FD1360099F24E /* ContentView.swift */; };
		BBADBB80288FD1370099F24E /* Assets.xcassets in Resources */ = {isa = PBXBuildFile; fileRef = BBADBB6E288FD1370099F24E /* Assets.xcassets */; };
		BBADBB81288FD1370099F24E /* Assets.xcassets in Resources */ = {isa = PBXBuildFile; fileRef = BBADBB6E288FD1370099F24E /* Assets.xcassets */; };
		BBADBB8B288FE82B0099F24E /* App_Privacy_Report_v4_2022-07-26T09_24_19.ndjson in Resources */ = {isa = PBXBuildFile; fileRef = BBADBB8A288FE82B0099F24E /* App_Privacy_Report_v4_2022-07-26T09_24_19.ndjson */; };
		BBADBB8C288FE82B0099F24E /* App_Privacy_Report_v4_2022-07-26T09_24_19.ndjson in Resources */ = {isa = PBXBuildFile; fileRef = BBADBB8A288FE82B0099F24E /* App_Privacy_Report_v4_2022-07-26T09_24_19.ndjson */; };
/* End PBXBuildFile section */

/* Begin PBXFileReference section */
		BBADBB6C288FD1360099F24E /* PrivacyToolApp.swift */ = {isa = PBXFileReference; lastKnownFileType = sourcecode.swift; path = PrivacyToolApp.swift; sourceTree = "<group>"; };
		BBADBB6D288FD1360099F24E /* ContentView.swift */ = {isa = PBXFileReference; lastKnownFileType = sourcecode.swift; path = ContentView.swift; sourceTree = "<group>"; };
		BBADBB6E288FD1370099F24E /* Assets.xcassets */ = {isa = PBXFileReference; lastKnownFileType = folder.assetcatalog; path = Assets.xcassets; sourceTree = "<group>"; };
		BBADBB73288FD1370099F24E /* PrivacyTool.app */ = {isa = PBXFileReference; explicitFileType = wrapper.application; includeInIndex = 0; path = PrivacyTool.app; sourceTree = BUILT_PRODUCTS_DIR; };
		BBADBB79288FD1370099F24E /* PrivacyTool.app */ = {isa = PBXFileReference; explicitFileType = wrapper.application; includeInIndex = 0; path = PrivacyTool.app; sourceTree = BUILT_PRODUCTS_DIR; };
		BBADBB7B288FD1370099F24E /* macOS.entitlements */ = {isa = PBXFileReference; lastKnownFileType = text.plist.entitlements; path = macOS.entitlements; sourceTree = "<group>"; };
		BBADBB8A288FE82B0099F24E /* App_Privacy_Report_v4_2022-07-26T09_24_19.ndjson */ = {isa = PBXFileReference; fileEncoding = 4; lastKnownFileType = text; name = "App_Privacy_Report_v4_2022-07-26T09_24_19.ndjson"; path = "../../App_Privacy_Report_v4_2022-07-26T09_24_19.ndjson"; sourceTree = "<group>"; };
/* End PBXFileReference section */

/* Begin PBXFrameworksBuildPhase section */
		BBADBB70288FD1370099F24E /* Frameworks */ = {
			isa = PBXFrameworksBuildPhase;
			buildActionMask = 2147483647;
			files = (
			);
			runOnlyForDeploymentPostprocessing = 0;
		};
		BBADBB76288FD1370099F24E /* Frameworks */ = {
			isa = PBXFrameworksBuildPhase;
			buildActionMask = 2147483647;
			files = (
			);
			runOnlyForDeploymentPostprocessing = 0;
		};
/* End PBXFrameworksBuildPhase section */

/* Begin PBXGroup section */
		BBADBB66288FD1350099F24E = {
			isa = PBXGroup;
			children = (
				BBADBB6B288FD1350099F24E /* Shared */,
				BBADBB7A288FD1370099F24E /* macOS */,
				BBADBB74288FD1370099F24E /* Products */,
			);
			sourceTree = "<group>";
		};
		BBADBB6B288FD1350099F24E /* Shared */ = {
			isa = PBXGroup;
			children = (
				BBADBB8A288FE82B0099F24E /* App_Privacy_Report_v4_2022-07-26T09_24_19.ndjson */,
				BBADBB6C288FD1360099F24E /* PrivacyToolApp.swift */,
				BBADBB6D288FD1360099F24E /* ContentView.swift */,
				BBADBB6E288FD1370099F24E /* Assets.xcassets */,
			);
			path = Shared;
			sourceTree = "<group>";
		};
		BBADBB74288FD1370099F24E /* Products */ = {
			isa = PBXGroup;
			children = (
				BBADBB73288FD1370099F24E /* PrivacyTool.app */,
				BBADBB79288FD1370099F24E /* PrivacyTool.app */,
			);
			name = Products;
			sourceTree = "<group>";
		};
		BBADBB7A288FD1370099F24E /* macOS */ = {
			isa = PBXGroup;
			children = (
				BBADBB7B288FD1370099F24E /* macOS.entitlements */,
			);
			path = macOS;
			sourceTree = "<group>";
		};
/* End PBXGroup section */

/* Begin PBXNativeTarget section */
		BBADBB72288FD1370099F24E /* PrivacyTool (iOS) */ = {
			isa = PBXNativeTarget;
			buildConfigurationList = BBADBB84288FD1370099F24E /* Build configuration list for PBXNativeTarget "PrivacyTool (iOS)" */;
			buildPhases = (
				BBADBB6F288FD1370099F24E /* Sources */,
				BBADBB70288FD1370099F24E /* Frameworks */,
				BBADBB71288FD1370099F24E /* Resources */,
			);
			buildRules = (
			);
			dependencies = (
			);
			name = "PrivacyTool (iOS)";
			productName = "PrivacyTool (iOS)";
			productReference = BBADBB73288FD1370099F24E /* PrivacyTool.app */;
			productType = "com.apple.product-type.application";
		};
		BBADBB78288FD1370099F24E /* PrivacyTool (macOS) */ = {
			isa = PBXNativeTarget;
			buildConfigurationList = BBADBB87288FD1370099F24E /* Build configuration list for PBXNativeTarget "PrivacyTool (macOS)" */;
			buildPhases = (
				BBADBB75288FD1370099F24E /* Sources */,
				BBADBB76288FD1370099F24E /* Frameworks */,
				BBADBB77288FD1370099F24E /* Resources */,
			);
			buildRules = (
			);
			dependencies = (
			);
			name = "PrivacyTool (macOS)";
			productName = "PrivacyTool (macOS)";
			productReference = BBADBB79288FD1370099F24E /* PrivacyTool.app */;
			productType = "com.apple.product-type.application";
		};
/* End PBXNativeTarget section */

/* Begin PBXProject section */
		BBADBB67288FD1350099F24E /* Project object */ = {
			isa = PBXProject;
			attributes = {
				BuildIndependentTargetsInParallel = 1;
				LastSwiftUpdateCheck = 1340;
				LastUpgradeCheck = 1340;
				TargetAttributes = {
					BBADBB72288FD1370099F24E = {
						CreatedOnToolsVersion = 13.4.1;
					};
					BBADBB78288FD1370099F24E = {
						CreatedOnToolsVersion = 13.4.1;
					};
				};
			};
			buildConfigurationList = BBADBB6A288FD1350099F24E /* Build configuration list for PBXProject "PrivacyTool" */;
			compatibilityVersion = "Xcode 13.0";
			developmentRegion = en;
			hasScannedForEncodings = 0;
			knownRegions = (
				en,
				Base,
			);
			mainGroup = BBADBB66288FD1350099F24E;
			productRefGroup = BBADBB74288FD1370099F24E /* Products */;
			projectDirPath = "";
			projectRoot = "";
			targets = (
				BBADBB72288FD1370099F24E /* PrivacyTool (iOS) */,
				BBADBB78288FD1370099F24E /* PrivacyTool (macOS) */,
			);
		};
/* End PBXProject section */

/* Begin PBXResourcesBuildPhase section */
		BBADBB71288FD1370099F24E /* Resources */ = {
			isa = PBXResourcesBuildPhase;
			buildActionMask = 2147483647;
			files = (
				BBADBB80288FD1370099F24E /* Assets.xcassets in Resources */,
				BBADBB8B288FE82B0099F24E /* App_Privacy_Report_v4_2022-07-26T09_24_19.ndjson in Resources */,
			);
			runOnlyForDeploymentPostprocessing = 0;
		};
		BBADBB77288FD1370099F24E /* Resources */ = {
			isa = PBXResourcesBuildPhase;
			buildActionMask = 2147483647;
			files = (
				BBADBB81288FD1370099F24E /* Assets.xcassets in Resources */,
				BBADBB8C288FE82B0099F24E /* App_Privacy_Report_v4_2022-07-26T09_24_19.ndjson in Resources */,
			);
			runOnlyForDeploymentPostprocessing = 0;
		};
/* End PBXResourcesBuildPhase section */

/* Begin PBXSourcesBuildPhase section */
		BBADBB6F288FD1370099F24E /* Sources */ = {
			isa = PBXSourcesBuildPhase;
			buildActionMask = 2147483647;
			files = (
				BBADBB7E288FD1370099F24E /* ContentView.swift in Sources */,
				BBADBB7C288FD1370099F24E /* PrivacyToolApp.swift in Sources */,
			);
			runOnlyForDeploymentPostprocessing = 0;
		};
		BBADBB75288FD1370099F24E /* Sources */ = {
			isa = PBXSourcesBuildPhase;
			buildActionMask = 2147483647;
			files = (
				BBADBB7F288FD1370099F24E /* ContentView.swift in Sources */,
				BBADBB7D288FD1370099F24E /* PrivacyToolApp.swift in Sources */,
			);
			runOnlyForDeploymentPostprocessing = 0;
		};
/* End PBXSourcesBuildPhase section */

/* Begin XCBuildConfiguration section */
		BBADBB82288FD1370099F24E /* Debug */ = {
			isa = XCBuildConfiguration;
			buildSettings = {
				ALWAYS_SEARCH_USER_PATHS = NO;
				CLANG_ANALYZER_NONNULL = YES;
				CLANG_ANALYZER_NUMBER_OBJECT_CONVERSION = YES_AGGRESSIVE;
				CLANG_CXX_LANGUAGE_STANDARD = "gnu++17";
				CLANG_ENABLE_MODULES = YES;
				CLANG_ENABLE_OBJC_ARC = YES;
				CLANG_ENABLE_OBJC_WEAK = YES;
				CLANG_WARN_BLOCK_CAPTURE_AUTORELEASING = YES;
				CLANG_WARN_BOOL_CONVERSION = YES;
				CLANG_WARN_COMMA = YES;
				CLANG_WARN_CONSTANT_CONVERSION = YES;
				CLANG_WARN_DEPRECATED_OBJC_IMPLEMENTATIONS = YES;
				CLANG_WARN_DIRECT_OBJC_ISA_USAGE = YES_ERROR;
				CLANG_WARN_DOCUMENTATION_COMMENTS = YES;
				CLANG_WARN_EMPTY_BODY = YES;
				CLANG_WARN_ENUM_CONVERSION = YES;
				CLANG_WARN_INFINITE_RECURSION = YES;
				CLANG_WARN_INT_CONVERSION = YES;
				CLANG_WARN_NON_LITERAL_NULL_CONVERSION = YES;
				CLANG_WARN_OBJC_IMPLICIT_RETAIN_SELF = YES;
				CLANG_WARN_OBJC_LITERAL_CONVERSION = YES;
				CLANG_WARN_OBJC_ROOT_CLASS = YES_ERROR;
				CLANG_WARN_QUOTED_INCLUDE_IN_FRAMEWORK_HEADER = YES;
				CLANG_WARN_RANGE_LOOP_ANALYSIS = YES;
				CLANG_WARN_STRICT_PROTOTYPES = YES;
				CLANG_WARN_SUSPICIOUS_MOVE = YES;
				CLANG_WARN_UNGUARDED_AVAILABILITY = YES_AGGRESSIVE;
				CLANG_WARN_UNREACHABLE_CODE = YES;
				CLANG_WARN__DUPLICATE_METHOD_MATCH = YES;
				COPY_PHASE_STRIP = NO;
				DEBUG_INFORMATION_FORMAT = dwarf;
				ENABLE_STRICT_OBJC_MSGSEND = YES;
				ENABLE_TESTABILITY = YES;
				GCC_C_LANGUAGE_STANDARD = gnu11;
				GCC_DYNAMIC_NO_PIC = NO;
				GCC_NO_COMMON_BLOCKS = YES;
				GCC_OPTIMIZATION_LEVEL = 0;
				GCC_PREPROCESSOR_DEFINITIONS = (
					"DEBUG=1",
					"$(inherited)",
				);
				GCC_WARN_64_TO_32_BIT_CONVERSION = YES;
				GCC_WARN_ABOUT_RETURN_TYPE = YES_ERROR;
				GCC_WARN_UNDECLARED_SELECTOR = YES;
				GCC_WARN_UNINITIALIZED_AUTOS = YES_AGGRESSIVE;
				GCC_WARN_UNUSED_FUNCTION = YES;
				GCC_WARN_UNUSED_VARIABLE = YES;
				MTL_ENABLE_DEBUG_INFO = INCLUDE_SOURCE;
				MTL_FAST_MATH = YES;
				ONLY_ACTIVE_ARCH = YES;
				SWIFT_ACTIVE_COMPILATION_CONDITIONS = DEBUG;
				SWIFT_OPTIMIZATION_LEVEL = "-Onone";
			};
			name = Debug;
		};
		BBADBB83288FD1370099F24E /* Release */ = {
			isa = XCBuildConfiguration;
			buildSettings = {
				ALWAYS_SEARCH_USER_PATHS = NO;
				CLANG_ANALYZER_NONNULL = YES;
				CLANG_ANALYZER_NUMBER_OBJECT_CONVERSION = YES_AGGRESSIVE;
				CLANG_CXX_LANGUAGE_STANDARD = "gnu++17";
				CLANG_ENABLE_MODULES = YES;
				CLANG_ENABLE_OBJC_ARC = YES;
				CLANG_ENABLE_OBJC_WEAK = YES;
				CLANG_WARN_BLOCK_CAPTURE_AUTORELEASING = YES;
				CLANG_WARN_BOOL_CONVERSION = YES;
				CLANG_WARN_COMMA = YES;
				CLANG_WARN_CONSTANT_CONVERSION = YES;
				CLANG_WARN_DEPRECATED_OBJC_IMPLEMENTATIONS = YES;
				CLANG_WARN_DIRECT_OBJC_ISA_USAGE = YES_ERROR;
				CLANG_WARN_DOCUMENTATION_COMMENTS = YES;
				CLANG_WARN_EMPTY_BODY = YES;
				CLANG_WARN_ENUM_CONVERSION = YES;
				CLANG_WARN_INFINITE_RECURSION = YES;
				CLANG_WARN_INT_CONVERSION = YES;
				CLANG_WARN_NON_LITERAL_NULL_CONVERSION = YES;
				CLANG_WARN_OBJC_IMPLICIT_RETAIN_SELF = YES;
				CLANG_WARN_OBJC_LITERAL_CONVERSION = YES;
				CLANG_WARN_OBJC_ROOT_CLASS = YES_ERROR;
				CLANG_WARN_QUOTED_INCLUDE_IN_FRAMEWORK_HEADER = YES;
				CLANG_WARN_RANGE_LOOP_ANALYSIS = YES;
				CLANG_WARN_STRICT_PROTOTYPES = YES;
				CLANG_WARN_SUSPICIOUS_MOVE = YES;
				CLANG_WARN_UNGUARDED_AVAILABILITY = YES_AGGRESSIVE;
				CLANG_WARN_UNREACHABLE_CODE = YES;
				CLANG_WARN__DUPLICATE_METHOD_MATCH = YES;
				COPY_PHASE_STRIP = NO;
				DEBUG_INFORMATION_FORMAT = "dwarf-with-dsym";
				ENABLE_NS_ASSERTIONS = NO;
				ENABLE_STRICT_OBJC_MSGSEND = YES;
				GCC_C_LANGUAGE_STANDARD = gnu11;
				GCC_NO_COMMON_BLOCKS = YES;
				GCC_WARN_64_TO_32_BIT_CONVERSION = YES;
				GCC_WARN_ABOUT_RETURN_TYPE = YES_ERROR;
				GCC_WARN_UNDECLARED_SELECTOR = YES;
				GCC_WARN_UNINITIALIZED_AUTOS = YES_AGGRESSIVE;
				GCC_WARN_UNUSED_FUNCTION = YES;
				GCC_WARN_UNUSED_VARIABLE = YES;
				MTL_ENABLE_DEBUG_INFO = NO;
				MTL_FAST_MATH = YES;
				SWIFT_COMPILATION_MODE = wholemodule;
				SWIFT_OPTIMIZATION_LEVEL = "-O";
			};
			name = Release;
		};
		BBADBB85288FD1370099F24E /* Debug */ = {
			isa = XCBuildConfiguration;
			buildSettings = {
				ASSETCATALOG_COMPILER_APPICON_NAME = AppIcon;
				ASSETCATALOG_COMPILER_GLOBAL_ACCENT_COLOR_NAME = AccentColor;
				CODE_SIGN_STYLE = Automatic;
				CURRENT_PROJECT_VERSION = 1;
				DEVELOPMENT_TEAM = 8V3J763Y9A;
				ENABLE_PREVIEWS = YES;
				GENERATE_INFOPLIST_FILE = YES;
				INFOPLIST_KEY_UIApplicationSceneManifest_Generation = YES;
				INFOPLIST_KEY_UIApplicationSupportsIndirectInputEvents = YES;
				INFOPLIST_KEY_UILaunchScreen_Generation = YES;
				INFOPLIST_KEY_UISupportedInterfaceOrientations_iPad = "UIInterfaceOrientationPortrait UIInterfaceOrientationPortraitUpsideDown UIInterfaceOrientationLandscapeLeft UIInterfaceOrientationLandscapeRight";
				INFOPLIST_KEY_UISupportedInterfaceOrientations_iPhone = "UIInterfaceOrientationPortrait UIInterfaceOrientationLandscapeLeft UIInterfaceOrientationLandscapeRight";
				IPHONEOS_DEPLOYMENT_TARGET = 15.5;
				LD_RUNPATH_SEARCH_PATHS = (
					"$(inherited)",
					"@executable_path/Frameworks",
				);
				MARKETING_VERSION = 1.0;
				PRODUCT_BUNDLE_IDENTIFIER = de.henribredt.PrivacyTool;
				PRODUCT_NAME = PrivacyTool;
				SDKROOT = iphoneos;
				SWIFT_EMIT_LOC_STRINGS = YES;
				SWIFT_VERSION = 5.0;
				TARGETED_DEVICE_FAMILY = "1,2";
			};
			name = Debug;
		};
		BBADBB86288FD1370099F24E /* Release */ = {
			isa = XCBuildConfiguration;
			buildSettings = {
				ASSETCATALOG_COMPILER_APPICON_NAME = AppIcon;
				ASSETCATALOG_COMPILER_GLOBAL_ACCENT_COLOR_NAME = AccentColor;
				CODE_SIGN_STYLE = Automatic;
				CURRENT_PROJECT_VERSION = 1;
				DEVELOPMENT_TEAM = 8V3J763Y9A;
				ENABLE_PREVIEWS = YES;
				GENERATE_INFOPLIST_FILE = YES;
				INFOPLIST_KEY_UIApplicationSceneManifest_Generation = YES;
				INFOPLIST_KEY_UIApplicationSupportsIndirectInputEvents = YES;
				INFOPLIST_KEY_UILaunchScreen_Generation = YES;
				INFOPLIST_KEY_UISupportedInterfaceOrientations_iPad = "UIInterfaceOrientationPortrait UIInterfaceOrientationPortraitUpsideDown UIInterfaceOrientationLandscapeLeft UIInterfaceOrientationLandscapeRight";
				INFOPLIST_KEY_UISupportedInterfaceOrientations_iPhone = "UIInterfaceOrientationPortrait UIInterfaceOrientationLandscapeLeft UIInterfaceOrientationLandscapeRight";
				IPHONEOS_DEPLOYMENT_TARGET = 15.5;
				LD_RUNPATH_SEARCH_PATHS = (
					"$(inherited)",
					"@executable_path/Frameworks",
				);
				MARKETING_VERSION = 1.0;
				PRODUCT_BUNDLE_IDENTIFIER = de.henribredt.PrivacyTool;
				PRODUCT_NAME = PrivacyTool;
				SDKROOT = iphoneos;
				SWIFT_EMIT_LOC_STRINGS = YES;
				SWIFT_VERSION = 5.0;
				TARGETED_DEVICE_FAMILY = "1,2";
				VALIDATE_PRODUCT = YES;
			};
			name = Release;
		};
		BBADBB88288FD1370099F24E /* Debug */ = {
			isa = XCBuildConfiguration;
			buildSettings = {
				ASSETCATALOG_COMPILER_APPICON_NAME = AppIcon;
				ASSETCATALOG_COMPILER_GLOBAL_ACCENT_COLOR_NAME = AccentColor;
				CODE_SIGN_ENTITLEMENTS = macOS/macOS.entitlements;
				CODE_SIGN_STYLE = Automatic;
				COMBINE_HIDPI_IMAGES = YES;
				CURRENT_PROJECT_VERSION = 1;
				DEVELOPMENT_TEAM = 8V3J763Y9A;
				ENABLE_HARDENED_RUNTIME = YES;
				ENABLE_PREVIEWS = YES;
				GENERATE_INFOPLIST_FILE = YES;
				INFOPLIST_KEY_NSHumanReadableCopyright = "";
				LD_RUNPATH_SEARCH_PATHS = (
					"$(inherited)",
					"@executable_path/../Frameworks",
				);
				MACOSX_DEPLOYMENT_TARGET = 12.3;
				MARKETING_VERSION = 1.0;
				PRODUCT_BUNDLE_IDENTIFIER = de.henribredt.PrivacyTool;
				PRODUCT_NAME = PrivacyTool;
				SDKROOT = macosx;
				SWIFT_EMIT_LOC_STRINGS = YES;
				SWIFT_VERSION = 5.0;
			};
			name = Debug;
		};
		BBADBB89288FD1370099F24E /* Release */ = {
			isa = XCBuildConfiguration;
			buildSettings = {
				ASSETCATALOG_COMPILER_APPICON_NAME = AppIcon;
				ASSETCATALOG_COMPILER_GLOBAL_ACCENT_COLOR_NAME = AccentColor;
				CODE_SIGN_ENTITLEMENTS = macOS/macOS.entitlements;
				CODE_SIGN_STYLE = Automatic;
				COMBINE_HIDPI_IMAGES = YES;
				CURRENT_PROJECT_VERSION = 1;
				DEVELOPMENT_TEAM = 8V3J763Y9A;
				ENABLE_HARDENED_RUNTIME = YES;
				ENABLE_PREVIEWS = YES;
				GENERATE_INFOPLIST_FILE = YES;
				INFOPLIST_KEY_NSHumanReadableCopyright = "";
				LD_RUNPATH_SEARCH_PATHS = (
					"$(inherited)",
					"@executable_path/../Frameworks",
				);
				MACOSX_DEPLOYMENT_TARGET = 12.3;
				MARKETING_VERSION = 1.0;
				PRODUCT_BUNDLE_IDENTIFIER = de.henribredt.PrivacyTool;
				PRODUCT_NAME = PrivacyTool;
				SDKROOT = macosx;
				SWIFT_EMIT_LOC_STRINGS = YES;
				SWIFT_VERSION = 5.0;
			};
			name = Release;
		};
/* End XCBuildConfiguration section */

/* Begin XCConfigurationList section */
		BBADBB6A288FD1350099F24E /* Build configuration list for PBXProject "PrivacyTool" */ = {
			isa = XCConfigurationList;
			buildConfigurations = (
				BBADBB82288FD1370099F24E /* Debug */,
				BBADBB83288FD1370099F24E /* Release */,
			);
			defaultConfigurationIsVisible = 0;
			defaultConfigurationName = Release;
		};
		BBADBB84288FD1370099F24E /* Build configuration list for PBXNativeTarget "PrivacyTool (iOS)" */ = {
			isa = XCConfigurationList;
			buildConfigurations = (
				BBADBB85288FD1370099F24E /* Debug */,
				BBADBB86288FD1370099F24E /* Release */,
			);
			defaultConfigurationIsVisible = 0;
			defaultConfigurationName = Release;
		};
		BBADBB87288FD1370099F24E /* Build configuration list for PBXNativeTarget "PrivacyTool (macOS)" */ = {
			isa = XCConfigurationList;
			buildConfigurations = (
				BBADBB88288FD1370099F24E /* Debug */,
				BBADBB89288FD1370099F24E /* Release */,
			);
			defaultConfigurationIsVisible = 0;
			defaultConfigurationName = Release;
		};
/* End XCConfigurationList section */
	};
	rootObject = BBADBB67288FD1350099F24E /* Project object */;
}
